
Microsoft Visual Studio Solution File, Format Version 12.00
# Visual Studio 15
VisualStudioVersion = 15.0.28307.421
MinimumVisualStudioVersion = 10.0.40219.1
Project("{9A19103F-16F7-4668-BE54-9A1E7A4F7556}") = "MyQueue", "ConsoleApp1\MyQueue.csproj", "{6670D68F-7EDE-4A26-9968-97BDD87EBE9B}"
EndProject
Global
	GlobalSection(SolutionConfigurationPlatforms) = preSolution
		Debug|Any CPU = Debug|Any CPU
		Release|Any CPU = Release|Any CPU
	EndGlobalSection
	GlobalSection(ProjectConfigurationPlatforms) = postSolution
		{6670D68F-7EDE-4A26-9968-97BDD87EBE9B}.Debug|Any CPU.ActiveCfg = Debug|Any CPU
		{6670D68F-7EDE-4A26-9968-97BDD87EBE9B}.Debug|Any CPU.Build.0 = Debug|Any CPU
		{6670D68F-7EDE-4A26-9968-97BDD87EBE9B}.Release|Any CPU.ActiveCfg = Release|Any CPU
		{6670D68F-7EDE-4A26-9968-97BDD87EBE9B}.Release|Any CPU.Build.0 = Release|Any CPU
	EndGlobalSection
	GlobalSection(SolutionProperties) = preSolution
		HideSolutionNode = FALSE
	EndGlobalSection
	GlobalSection(ExtensibilityGlobals) = postSolution
		SolutionGuid = {D600F262-FD79-4A92-A939-78E57401207F}
	EndGlobalSection
EndGlobal
