
Microsoft Visual Studio Solution File, Format Version 12.00
# Visual Studio 15
VisualStudioVersion = 15.0.28307.421
MinimumVisualStudioVersion = 10.0.40219.1
Project("{FAE04EC0-301F-11D3-BF4B-00C04F79EFBC}") = "BubbleSort", "BubbleSort\BubbleSort.csproj", "{C9454E76-8782-4511-8C8A-C8CD6250F649}"
EndProject
Global
	GlobalSection(SolutionConfigurationPlatforms) = preSolution
		Debug|Any CPU = Debug|Any CPU
		Release|Any CPU = Release|Any CPU
	EndGlobalSection
	GlobalSection(ProjectConfigurationPlatforms) = postSolution
		{C9454E76-8782-4511-8C8A-C8CD6250F649}.Debug|Any CPU.ActiveCfg = Debug|Any CPU
		{C9454E76-8782-4511-8C8A-C8CD6250F649}.Debug|Any CPU.Build.0 = Debug|Any CPU
		{C9454E76-8782-4511-8C8A-C8CD6250F649}.Release|Any CPU.ActiveCfg = Release|Any CPU
		{C9454E76-8782-4511-8C8A-C8CD6250F649}.Release|Any CPU.Build.0 = Release|Any CPU
	EndGlobalSection
	GlobalSection(SolutionProperties) = preSolution
		HideSolutionNode = FALSE
	EndGlobalSection
	GlobalSection(ExtensibilityGlobals) = postSolution
		SolutionGuid = {66FB57B6-0F21-4114-919A-7C4541ECB5C3}
	EndGlobalSection
EndGlobal
