
Microsoft Visual Studio Solution File, Format Version 12.00
# Visual Studio 15
VisualStudioVersion = 15.0.28307.421
MinimumVisualStudioVersion = 10.0.40219.1
Project("{FAE04EC0-301F-11D3-BF4B-00C04F79EFBC}") = "InsertionSort", "InsertionSort\InsertionSort.csproj", "{EBAE283B-88FC-438F-90FC-D2FB97259EE7}"
EndProject
Global
	GlobalSection(SolutionConfigurationPlatforms) = preSolution
		Debug|Any CPU = Debug|Any CPU
		Release|Any CPU = Release|Any CPU
	EndGlobalSection
	GlobalSection(ProjectConfigurationPlatforms) = postSolution
		{EBAE283B-88FC-438F-90FC-D2FB97259EE7}.Debug|Any CPU.ActiveCfg = Debug|Any CPU
		{EBAE283B-88FC-438F-90FC-D2FB97259EE7}.Debug|Any CPU.Build.0 = Debug|Any CPU
		{EBAE283B-88FC-438F-90FC-D2FB97259EE7}.Release|Any CPU.ActiveCfg = Release|Any CPU
		{EBAE283B-88FC-438F-90FC-D2FB97259EE7}.Release|Any CPU.Build.0 = Release|Any CPU
	EndGlobalSection
	GlobalSection(SolutionProperties) = preSolution
		HideSolutionNode = FALSE
	EndGlobalSection
	GlobalSection(ExtensibilityGlobals) = postSolution
		SolutionGuid = {18CD2160-9273-4C03-9C76-D419AA16B3F5}
	EndGlobalSection
EndGlobal
