
Microsoft Visual Studio Solution File, Format Version 12.00
# Visual Studio 15
VisualStudioVersion = 15.0.28307.421
MinimumVisualStudioVersion = 10.0.40219.1
Project("{FAE04EC0-301F-11D3-BF4B-00C04F79EFBC}") = "BinarySearch", "BinarySearch\BinarySearch.csproj", "{2E6C595A-1611-47B8-B34C-C77D4C6353AA}"
EndProject
Global
	GlobalSection(SolutionConfigurationPlatforms) = preSolution
		Debug|Any CPU = Debug|Any CPU
		Release|Any CPU = Release|Any CPU
	EndGlobalSection
	GlobalSection(ProjectConfigurationPlatforms) = postSolution
		{2E6C595A-1611-47B8-B34C-C77D4C6353AA}.Debug|Any CPU.ActiveCfg = Debug|Any CPU
		{2E6C595A-1611-47B8-B34C-C77D4C6353AA}.Debug|Any CPU.Build.0 = Debug|Any CPU
		{2E6C595A-1611-47B8-B34C-C77D4C6353AA}.Release|Any CPU.ActiveCfg = Release|Any CPU
		{2E6C595A-1611-47B8-B34C-C77D4C6353AA}.Release|Any CPU.Build.0 = Release|Any CPU
	EndGlobalSection
	GlobalSection(SolutionProperties) = preSolution
		HideSolutionNode = FALSE
	EndGlobalSection
	GlobalSection(ExtensibilityGlobals) = postSolution
		SolutionGuid = {8A9E1727-3D33-4DC4-AF75-8D434C44F480}
	EndGlobalSection
EndGlobal
